
Microsoft Visual Studio Solution File, Format Version 12.00
# Visual Studio Version 17
VisualStudioVersion = 17.6.33801.468
MinimumVisualStudioVersion = 10.0.40219.1
Project("{2150E333-8FDC-42A3-9474-1A3956D46DE8}") = "Engine", "Engine", "{94768081-FAA9-420C-A337-D0074AA14C07}"
EndProject
Project("{2150E333-8FDC-42A3-9474-1A3956D46DE8}") = "Games", "Games", "{9B2D893A-11CB-4DF1-8BF5-BFA2385C162B}"
EndProject
Project("{8BC9CEB8-8B4A-11D0-8D11-00A0C91BC942}") = "UE4", "Intermediate\ProjectFiles\UE4.vcxproj", "{201B7F86-7EF9-4560-8763-EE27BBBA0F5C}"
EndProject
Project("{8BC9CEB8-8B4A-11D0-8D11-00A0C91BC942}") = "UAM_Uproject", "Intermediate\ProjectFiles\UAM_Uproject.vcxproj", "{27336019-78CC-4C25-AB41-3A538AC350E8}"
EndProject
Global
	GlobalSection(SolutionConfigurationPlatforms) = preSolution
		DebugGame Editor|Win32 = DebugGame Editor|Win32
		DebugGame Editor|Win64 = DebugGame Editor|Win64
		DebugGame|Win32 = DebugGame|Win32
		DebugGame|Win64 = DebugGame|Win64
		Development Editor|Win32 = Development Editor|Win32
		Development Editor|Win64 = Development Editor|Win64
		Development|Win32 = Development|Win32
		Development|Win64 = Development|Win64
		Shipping|Win32 = Shipping|Win32
		Shipping|Win64 = Shipping|Win64
	EndGlobalSection
	GlobalSection(ProjectConfigurationPlatforms) = postSolution
		{201B7F86-7EF9-4560-8763-EE27BBBA0F5C}.DebugGame Editor|Win32.ActiveCfg = BuiltWithUnrealBuildTool|Win32
		{201B7F86-7EF9-4560-8763-EE27BBBA0F5C}.DebugGame Editor|Win32.Build.0 = BuiltWithUnrealBuildTool|Win32
		{201B7F86-7EF9-4560-8763-EE27BBBA0F5C}.DebugGame Editor|Win64.ActiveCfg = BuiltWithUnrealBuildTool|Win32
		{201B7F86-7EF9-4560-8763-EE27BBBA0F5C}.DebugGame Editor|Win64.Build.0 = BuiltWithUnrealBuildTool|Win32
		{201B7F86-7EF9-4560-8763-EE27BBBA0F5C}.DebugGame|Win32.ActiveCfg = BuiltWithUnrealBuildTool|Win32
		{201B7F86-7EF9-4560-8763-EE27BBBA0F5C}.DebugGame|Win32.Build.0 = BuiltWithUnrealBuildTool|Win32
		{201B7F86-7EF9-4560-8763-EE27BBBA0F5C}.DebugGame|Win64.ActiveCfg = BuiltWithUnrealBuildTool|Win32
		{201B7F86-7EF9-4560-8763-EE27BBBA0F5C}.DebugGame|Win64.Build.0 = BuiltWithUnrealBuildTool|Win32
		{201B7F86-7EF9-4560-8763-EE27BBBA0F5C}.Development Editor|Win32.ActiveCfg = BuiltWithUnrealBuildTool|Win32
		{201B7F86-7EF9-4560-8763-EE27BBBA0F5C}.Development Editor|Win32.Build.0 = BuiltWithUnrealBuildTool|Win32
		{201B7F86-7EF9-4560-8763-EE27BBBA0F5C}.Development Editor|Win64.ActiveCfg = BuiltWithUnrealBuildTool|Win32
		{201B7F86-7EF9-4560-8763-EE27BBBA0F5C}.Development Editor|Win64.Build.0 = BuiltWithUnrealBuildTool|Win32
		{201B7F86-7EF9-4560-8763-EE27BBBA0F5C}.Development|Win32.ActiveCfg = BuiltWithUnrealBuildTool|Win32
		{201B7F86-7EF9-4560-8763-EE27BBBA0F5C}.Development|Win32.Build.0 = BuiltWithUnrealBuildTool|Win32
		{201B7F86-7EF9-4560-8763-EE27BBBA0F5C}.Development|Win64.ActiveCfg = BuiltWithUnrealBuildTool|Win32
		{201B7F86-7EF9-4560-8763-EE27BBBA0F5C}.Development|Win64.Build.0 = BuiltWithUnrealBuildTool|Win32
		{201B7F86-7EF9-4560-8763-EE27BBBA0F5C}.Shipping|Win32.ActiveCfg = BuiltWithUnrealBuildTool|Win32
		{201B7F86-7EF9-4560-8763-EE27BBBA0F5C}.Shipping|Win32.Build.0 = BuiltWithUnrealBuildTool|Win32
		{201B7F86-7EF9-4560-8763-EE27BBBA0F5C}.Shipping|Win64.ActiveCfg = BuiltWithUnrealBuildTool|Win32
		{201B7F86-7EF9-4560-8763-EE27BBBA0F5C}.Shipping|Win64.Build.0 = BuiltWithUnrealBuildTool|Win32
		{27336019-78CC-4C25-AB41-3A538AC350E8}.DebugGame Editor|Win32.ActiveCfg = DebugGame_Editor|Win32
		{27336019-78CC-4C25-AB41-3A538AC350E8}.DebugGame Editor|Win64.ActiveCfg = DebugGame_Editor|x64
		{27336019-78CC-4C25-AB41-3A538AC350E8}.DebugGame Editor|Win64.Build.0 = DebugGame_Editor|x64
		{27336019-78CC-4C25-AB41-3A538AC350E8}.DebugGame|Win32.ActiveCfg = DebugGame_Game|Win32
		{27336019-78CC-4C25-AB41-3A538AC350E8}.DebugGame|Win32.Build.0 = DebugGame_Game|Win32
		{27336019-78CC-4C25-AB41-3A538AC350E8}.DebugGame|Win64.ActiveCfg = DebugGame_Game|x64
		{27336019-78CC-4C25-AB41-3A538AC350E8}.DebugGame|Win64.Build.0 = DebugGame_Game|x64
		{27336019-78CC-4C25-AB41-3A538AC350E8}.Development Editor|Win32.ActiveCfg = Development_Editor|Win32
		{27336019-78CC-4C25-AB41-3A538AC350E8}.Development Editor|Win64.ActiveCfg = Development_Editor|x64
		{27336019-78CC-4C25-AB41-3A538AC350E8}.Development Editor|Win64.Build.0 = Development_Editor|x64
		{27336019-78CC-4C25-AB41-3A538AC350E8}.Development|Win32.ActiveCfg = Development_Game|Win32
		{27336019-78CC-4C25-AB41-3A538AC350E8}.Development|Win32.Build.0 = Development_Game|Win32
		{27336019-78CC-4C25-AB41-3A538AC350E8}.Development|Win64.ActiveCfg = Development_Game|x64
		{27336019-78CC-4C25-AB41-3A538AC350E8}.Development|Win64.Build.0 = Development_Game|x64
		{27336019-78CC-4C25-AB41-3A538AC350E8}.Shipping|Win32.ActiveCfg = Shipping_Game|Win32
		{27336019-78CC-4C25-AB41-3A538AC350E8}.Shipping|Win32.Build.0 = Shipping_Game|Win32
		{27336019-78CC-4C25-AB41-3A538AC350E8}.Shipping|Win64.ActiveCfg = Shipping_Game|x64
		{27336019-78CC-4C25-AB41-3A538AC350E8}.Shipping|Win64.Build.0 = Shipping_Game|x64
	EndGlobalSection
	GlobalSection(SolutionProperties) = preSolution
		HideSolutionNode = FALSE
	EndGlobalSection
	GlobalSection(NestedProjects) = preSolution
		{201B7F86-7EF9-4560-8763-EE27BBBA0F5C} = {94768081-FAA9-420C-A337-D0074AA14C07}
		{27336019-78CC-4C25-AB41-3A538AC350E8} = {9B2D893A-11CB-4DF1-8BF5-BFA2385C162B}
	EndGlobalSection
EndGlobal
